
Microsoft Visual Studio Solution File, Format Version 12.00
# Visual Studio Version 16
VisualStudioVersion = 16.0.30717.126
MinimumVisualStudioVersion = 10.0.40219.1
Project("{FAE04EC0-301F-11D3-BF4B-00C04F79EFBC}") = "ApplicationOtherAirline", "ApplicationOtherAirline.csproj", "{445FD15E-612E-4E6B-87A6-C61BC9FED6ED}"
EndProject
Global
	GlobalSection(SolutionConfigurationPlatforms) = preSolution
		Debug|Any CPU = Debug|Any CPU
		Release|Any CPU = Release|Any CPU
	EndGlobalSection
	GlobalSection(ProjectConfigurationPlatforms) = postSolution
		{445FD15E-612E-4E6B-87A6-C61BC9FED6ED}.Debug|Any CPU.ActiveCfg = Debug|Any CPU
		{445FD15E-612E-4E6B-87A6-C61BC9FED6ED}.Debug|Any CPU.Build.0 = Debug|Any CPU
		{445FD15E-612E-4E6B-87A6-C61BC9FED6ED}.Release|Any CPU.ActiveCfg = Release|Any CPU
		{445FD15E-612E-4E6B-87A6-C61BC9FED6ED}.Release|Any CPU.Build.0 = Release|Any CPU
	EndGlobalSection
	GlobalSection(SolutionProperties) = preSolution
		HideSolutionNode = FALSE
	EndGlobalSection
	GlobalSection(ExtensibilityGlobals) = postSolution
		SolutionGuid = {109DE88C-CE89-450A-AE82-3349A4730EEA}
	EndGlobalSection
EndGlobal
